// !$*UTF8*$!
{
	archiveVersion = 1;
	classes = {
	};
	objectVersion = 56;
	objects = {

/* Begin PBXBuildFile section */
		0B0DFB142B0D20F3005F8618 /* HomeEventSectionCollectionViewCell.swift in Sources */ = {isa = PBXBuildFile; fileRef = 0B0DFB102B0D20F3005F8618 /* HomeEventSectionCollectionViewCell.swift */; };
		0B0DFB152B0D20F3005F8618 /* HomePointSectionCollectionViewCell.swift in Sources */ = {isa = PBXBuildFile; fileRef = 0B0DFB112B0D20F3005F8618 /* HomePointSectionCollectionViewCell.swift */; };
		0B0DFB162B0D20F3005F8618 /* HomePlaceSectionCollectionViewCell.swift in Sources */ = {isa = PBXBuildFile; fileRef = 0B0DFB122B0D20F3005F8618 /* HomePlaceSectionCollectionViewCell.swift */; };
		0B0DFB172B0D20F3005F8618 /* HomeRecentPaymentsSectionCollectionViewCell.swift in Sources */ = {isa = PBXBuildFile; fileRef = 0B0DFB132B0D20F3005F8618 /* HomeRecentPaymentsSectionCollectionViewCell.swift */; };
		0B0DFB202B0D2102005F8618 /* HomeRecentPaymentsSectionHeaderView.swift in Sources */ = {isa = PBXBuildFile; fileRef = 0B0DFB182B0D2102005F8618 /* HomeRecentPaymentsSectionHeaderView.swift */; };
		0B0DFB212B0D2102005F8618 /* HomeEventSectionHeaderView.swift in Sources */ = {isa = PBXBuildFile; fileRef = 0B0DFB192B0D2102005F8618 /* HomeEventSectionHeaderView.swift */; };
		0B0DFB222B0D2102005F8618 /* HomePlaceSectionHeaderView.swift in Sources */ = {isa = PBXBuildFile; fileRef = 0B0DFB1A2B0D2102005F8618 /* HomePlaceSectionHeaderView.swift */; };
		0B0DFB232B0D2102005F8618 /* HomePointSectionHeaderView.swift in Sources */ = {isa = PBXBuildFile; fileRef = 0B0DFB1B2B0D2102005F8618 /* HomePointSectionHeaderView.swift */; };
		0B0DFB242B0D2102005F8618 /* HomePointSectionBackgroundView.swift in Sources */ = {isa = PBXBuildFile; fileRef = 0B0DFB1C2B0D2102005F8618 /* HomePointSectionBackgroundView.swift */; };
		0B0DFB252B0D2102005F8618 /* HomeHeaderView.swift in Sources */ = {isa = PBXBuildFile; fileRef = 0B0DFB1D2B0D2102005F8618 /* HomeHeaderView.swift */; };
		0B0DFB262B0D2102005F8618 /* HomePlaceSectionFooterView.swift in Sources */ = {isa = PBXBuildFile; fileRef = 0B0DFB1E2B0D2102005F8618 /* HomePlaceSectionFooterView.swift */; };
		0B1E55A42B0F627C00ADFC75 /* HomeViewController.swift in Sources */ = {isa = PBXBuildFile; fileRef = 0B1E55A32B0F627C00ADFC75 /* HomeViewController.swift */; };
		0B2278832B0DB07700732977 /* HomePointSectionFooterView.swift in Sources */ = {isa = PBXBuildFile; fileRef = 0B2278822B0DB07700732977 /* HomePointSectionFooterView.swift */; };
		0B2278852B0DB0D500732977 /* HomeSwitchSectionCollectionViewCell.swift in Sources */ = {isa = PBXBuildFile; fileRef = 0B2278842B0DB0D500732977 /* HomeSwitchSectionCollectionViewCell.swift */; };
		0B6677A02B0CBF7500821105 /* (null) in Sources */ = {isa = PBXBuildFile; };
		0B6677A22B0CCEF400821105 /* (null) in Sources */ = {isa = PBXBuildFile; };
		0B6677A42B0CCF1300821105 /* (null) in Sources */ = {isa = PBXBuildFile; };
		0B6677A82B0CCF7F00821105 /* (null) in Sources */ = {isa = PBXBuildFile; };
		0B6677AB2B0CD1C900821105 /* (null) in Sources */ = {isa = PBXBuildFile; };
		0B6677AD2B0CD24300821105 /* (null) in Sources */ = {isa = PBXBuildFile; };
		0B6677B12B0CD3DB00821105 /* (null) in Sources */ = {isa = PBXBuildFile; };
		0B6677B52B0CD4CF00821105 /* (null) in Sources */ = {isa = PBXBuildFile; };
		0B6677B72B0CD50B00821105 /* (null) in Sources */ = {isa = PBXBuildFile; };
		0B6677B92B0CD61C00821105 /* (null) in Sources */ = {isa = PBXBuildFile; };
		0B6677BB2B0CD63200821105 /* (null) in Sources */ = {isa = PBXBuildFile; };
		0B91C7A82B0B8A7A00ACDCE9 /* ImageLiterals.swift in Sources */ = {isa = PBXBuildFile; fileRef = 0B91C7A72B0B8A7A00ACDCE9 /* ImageLiterals.swift */; };
		0B91C7AA2B0B8B3000ACDCE9 /* UIImage+.swift in Sources */ = {isa = PBXBuildFile; fileRef = 0B91C7A92B0B8B3000ACDCE9 /* UIImage+.swift */; };
		ED56A2EA2B0B7790005FE6AF /* UIFont+.swift in Sources */ = {isa = PBXBuildFile; fileRef = ED56A2E92B0B7790005FE6AF /* UIFont+.swift */; };
		ED56A2F82B0D18B5005FE6AF /* NearPlaceCollectionViewCell.swift in Sources */ = {isa = PBXBuildFile; fileRef = ED56A2F72B0D18B5005FE6AF /* NearPlaceCollectionViewCell.swift */; };
		ED56A2FA2B0D18F1005FE6AF /* RecommendCollectionViewCell.swift in Sources */ = {isa = PBXBuildFile; fileRef = ED56A2F92B0D18F1005FE6AF /* RecommendCollectionViewCell.swift */; };
		ED56A2FC2B0D1907005FE6AF /* BrandCollectionViewCell.swift in Sources */ = {isa = PBXBuildFile; fileRef = ED56A2FB2B0D1907005FE6AF /* BrandCollectionViewCell.swift */; };
		ED56A2FE2B0D1931005FE6AF /* PlaceViewController.swift in Sources */ = {isa = PBXBuildFile; fileRef = ED56A2FD2B0D1931005FE6AF /* PlaceViewController.swift */; };
		ED56A3002B0D1952005FE6AF /* TitleCollectionReusableView.swift in Sources */ = {isa = PBXBuildFile; fileRef = ED56A2FF2B0D1952005FE6AF /* TitleCollectionReusableView.swift */; };
		F4DDEB0A2B0A52E600B7BCCE /* AppDelegate.swift in Sources */ = {isa = PBXBuildFile; fileRef = F4DDEB092B0A52E600B7BCCE /* AppDelegate.swift */; };
		F4DDEB0C2B0A52E600B7BCCE /* SceneDelegate.swift in Sources */ = {isa = PBXBuildFile; fileRef = F4DDEB0B2B0A52E600B7BCCE /* SceneDelegate.swift */; };
		F4DDEB112B0A52E600B7BCCE /* Main.storyboard in Resources */ = {isa = PBXBuildFile; fileRef = F4DDEB0F2B0A52E600B7BCCE /* Main.storyboard */; };
		F4DDEB132B0A52EB00B7BCCE /* Assets.xcassets in Resources */ = {isa = PBXBuildFile; fileRef = F4DDEB122B0A52EB00B7BCCE /* Assets.xcassets */; };
		F4DDEB162B0A52EB00B7BCCE /* LaunchScreen.storyboard in Resources */ = {isa = PBXBuildFile; fileRef = F4DDEB142B0A52EB00B7BCCE /* LaunchScreen.storyboard */; };
		F4DDEB2A2B0B720600B7BCCE /* UIColor+.swift in Sources */ = {isa = PBXBuildFile; fileRef = F4DDEB292B0B720600B7BCCE /* UIColor+.swift */; };
		F4DDEB482B0B8F2700B7BCCE /* Kingfisher in Frameworks */ = {isa = PBXBuildFile; productRef = F4DDEB472B0B8F2700B7BCCE /* Kingfisher */; };
		F4DDEB542B0BA19100B7BCCE /* SnapKit in Frameworks */ = {isa = PBXBuildFile; productRef = F4DDEB532B0BA19100B7BCCE /* SnapKit */; };
		F4DDEB582B0BC7B000B7BCCE /* UIView+.swift in Sources */ = {isa = PBXBuildFile; fileRef = F4DDEB572B0BC7B000B7BCCE /* UIView+.swift */; };
		F4DDEB5A2B0BCBEB00B7BCCE /* UITextField+.swift in Sources */ = {isa = PBXBuildFile; fileRef = F4DDEB592B0BCBEB00B7BCCE /* UITextField+.swift */; };
		F4DDEB5C2B0BCCA900B7BCCE /* UIStackView+.swift in Sources */ = {isa = PBXBuildFile; fileRef = F4DDEB5B2B0BCCA900B7BCCE /* UIStackView+.swift */; };
		F4DDEB5E2B0CB0A000B7BCCE /* BenefitViewController.swift in Sources */ = {isa = PBXBuildFile; fileRef = F4DDEB5D2B0CB0A000B7BCCE /* BenefitViewController.swift */; };
		F4DDEB632B0CDC1600B7BCCE /* BenefitCollectionViewPointCheckCell.swift in Sources */ = {isa = PBXBuildFile; fileRef = F4DDEB622B0CDC1600B7BCCE /* BenefitCollectionViewPointCheckCell.swift */; };
		F4DDEB672B0CE09800B7BCCE /* BenefitCollectionViewPointCheckSectionBackgroundView.swift in Sources */ = {isa = PBXBuildFile; fileRef = F4DDEB662B0CE09800B7BCCE /* BenefitCollectionViewPointCheckSectionBackgroundView.swift */; };
		F4DDEB692B0CEB7B00B7BCCE /* BenefitCollectionPointCheckHeaderView.swift in Sources */ = {isa = PBXBuildFile; fileRef = F4DDEB682B0CEB7B00B7BCCE /* BenefitCollectionPointCheckHeaderView.swift */; };
		F4DDEB6D2B0D1AE700B7BCCE /* BenefitCollectionViewFamousBenefitCell.swift in Sources */ = {isa = PBXBuildFile; fileRef = F4DDEB6C2B0D1AE700B7BCCE /* BenefitCollectionViewFamousBenefitCell.swift */; };
		F4DDEB6F2B0D1FF500B7BCCE /* NPLabel.swift in Sources */ = {isa = PBXBuildFile; fileRef = F4DDEB6E2B0D1FF500B7BCCE /* NPLabel.swift */; };
		F4DDEB752B0E670300B7BCCE /* UserBenefitAppData.swift in Sources */ = {isa = PBXBuildFile; fileRef = F4DDEB742B0E670300B7BCCE /* UserBenefitAppData.swift */; };
		F4DDEB772B0E783D00B7BCCE /* BenefitCollectionFamousBenefitSectionHeaderView.swift in Sources */ = {isa = PBXBuildFile; fileRef = F4DDEB762B0E783D00B7BCCE /* BenefitCollectionFamousBenefitSectionHeaderView.swift */; };
		F4DDEB792B0E838200B7BCCE /* BenefitCollectionViewFamousBenefitSectionBackgroundView.swift in Sources */ = {isa = PBXBuildFile; fileRef = F4DDEB782B0E838200B7BCCE /* BenefitCollectionViewFamousBenefitSectionBackgroundView.swift */; };
		F4DDEB7B2B0E8E6700B7BCCE /* BenefitCollectionFamousBenefitSectionFooterView.swift in Sources */ = {isa = PBXBuildFile; fileRef = F4DDEB7A2B0E8E6700B7BCCE /* BenefitCollectionFamousBenefitSectionFooterView.swift */; };
/* End PBXBuildFile section */

/* Begin PBXFileReference section */
		0B0DFB102B0D20F3005F8618 /* HomeEventSectionCollectionViewCell.swift */ = {isa = PBXFileReference; fileEncoding = 4; lastKnownFileType = sourcecode.swift; name = HomeEventSectionCollectionViewCell.swift; path = Scenes/Home/Cells/HomeEventSectionCollectionViewCell.swift; sourceTree = "<group>"; };
		0B0DFB112B0D20F3005F8618 /* HomePointSectionCollectionViewCell.swift */ = {isa = PBXFileReference; fileEncoding = 4; lastKnownFileType = sourcecode.swift; name = HomePointSectionCollectionViewCell.swift; path = Scenes/Home/Cells/HomePointSectionCollectionViewCell.swift; sourceTree = "<group>"; };
		0B0DFB122B0D20F3005F8618 /* HomePlaceSectionCollectionViewCell.swift */ = {isa = PBXFileReference; fileEncoding = 4; lastKnownFileType = sourcecode.swift; name = HomePlaceSectionCollectionViewCell.swift; path = Scenes/Home/Cells/HomePlaceSectionCollectionViewCell.swift; sourceTree = "<group>"; };
		0B0DFB132B0D20F3005F8618 /* HomeRecentPaymentsSectionCollectionViewCell.swift */ = {isa = PBXFileReference; fileEncoding = 4; lastKnownFileType = sourcecode.swift; name = HomeRecentPaymentsSectionCollectionViewCell.swift; path = Scenes/Home/Cells/HomeRecentPaymentsSectionCollectionViewCell.swift; sourceTree = "<group>"; };
		0B0DFB182B0D2102005F8618 /* HomeRecentPaymentsSectionHeaderView.swift */ = {isa = PBXFileReference; fileEncoding = 4; lastKnownFileType = sourcecode.swift; name = HomeRecentPaymentsSectionHeaderView.swift; path = Scenes/Home/Views/HomeRecentPaymentsSectionHeaderView.swift; sourceTree = "<group>"; };
		0B0DFB192B0D2102005F8618 /* HomeEventSectionHeaderView.swift */ = {isa = PBXFileReference; fileEncoding = 4; lastKnownFileType = sourcecode.swift; name = HomeEventSectionHeaderView.swift; path = Scenes/Home/Views/HomeEventSectionHeaderView.swift; sourceTree = "<group>"; };
		0B0DFB1A2B0D2102005F8618 /* HomePlaceSectionHeaderView.swift */ = {isa = PBXFileReference; fileEncoding = 4; lastKnownFileType = sourcecode.swift; name = HomePlaceSectionHeaderView.swift; path = Scenes/Home/Views/HomePlaceSectionHeaderView.swift; sourceTree = "<group>"; };
		0B0DFB1B2B0D2102005F8618 /* HomePointSectionHeaderView.swift */ = {isa = PBXFileReference; fileEncoding = 4; lastKnownFileType = sourcecode.swift; name = HomePointSectionHeaderView.swift; path = Scenes/Home/Views/HomePointSectionHeaderView.swift; sourceTree = "<group>"; };
		0B0DFB1C2B0D2102005F8618 /* HomePointSectionBackgroundView.swift */ = {isa = PBXFileReference; fileEncoding = 4; lastKnownFileType = sourcecode.swift; name = HomePointSectionBackgroundView.swift; path = Scenes/Home/Views/HomePointSectionBackgroundView.swift; sourceTree = "<group>"; };
		0B0DFB1D2B0D2102005F8618 /* HomeHeaderView.swift */ = {isa = PBXFileReference; fileEncoding = 4; lastKnownFileType = sourcecode.swift; name = HomeHeaderView.swift; path = Scenes/Home/Views/HomeHeaderView.swift; sourceTree = "<group>"; };
		0B0DFB1E2B0D2102005F8618 /* HomePlaceSectionFooterView.swift */ = {isa = PBXFileReference; fileEncoding = 4; lastKnownFileType = sourcecode.swift; name = HomePlaceSectionFooterView.swift; path = Scenes/Home/Views/HomePlaceSectionFooterView.swift; sourceTree = "<group>"; };
		0B1E55A32B0F627C00ADFC75 /* HomeViewController.swift */ = {isa = PBXFileReference; fileEncoding = 4; lastKnownFileType = sourcecode.swift; name = HomeViewController.swift; path = Scenes/Home/ViewControllers/HomeViewController.swift; sourceTree = "<group>"; };
		0B2278822B0DB07700732977 /* HomePointSectionFooterView.swift */ = {isa = PBXFileReference; lastKnownFileType = sourcecode.swift; name = HomePointSectionFooterView.swift; path = Scenes/Home/Views/HomePointSectionFooterView.swift; sourceTree = "<group>"; };
		0B2278842B0DB0D500732977 /* HomeSwitchSectionCollectionViewCell.swift */ = {isa = PBXFileReference; lastKnownFileType = sourcecode.swift; name = HomeSwitchSectionCollectionViewCell.swift; path = Scenes/Home/Views/HomeSwitchSectionCollectionViewCell.swift; sourceTree = "<group>"; };
		0B91C7A72B0B8A7A00ACDCE9 /* ImageLiterals.swift */ = {isa = PBXFileReference; lastKnownFileType = sourcecode.swift; name = ImageLiterals.swift; path = Global/Literals/ImageLiterals.swift; sourceTree = "<group>"; };
		0B91C7A92B0B8B3000ACDCE9 /* UIImage+.swift */ = {isa = PBXFileReference; lastKnownFileType = sourcecode.swift; name = "UIImage+.swift"; path = "Global/Extensions/UIImage+.swift"; sourceTree = "<group>"; };
		ED56A2E92B0B7790005FE6AF /* UIFont+.swift */ = {isa = PBXFileReference; lastKnownFileType = sourcecode.swift; name = "UIFont+.swift"; path = "Global/Extensions/UIFont+.swift"; sourceTree = "<group>"; };
		ED56A2F72B0D18B5005FE6AF /* NearPlaceCollectionViewCell.swift */ = {isa = PBXFileReference; lastKnownFileType = sourcecode.swift; name = NearPlaceCollectionViewCell.swift; path = Scenes/Place/Cells/NearPlaceCollectionViewCell.swift; sourceTree = "<group>"; };
		ED56A2F92B0D18F1005FE6AF /* RecommendCollectionViewCell.swift */ = {isa = PBXFileReference; lastKnownFileType = sourcecode.swift; name = RecommendCollectionViewCell.swift; path = Scenes/Place/Cells/RecommendCollectionViewCell.swift; sourceTree = "<group>"; };
		ED56A2FB2B0D1907005FE6AF /* BrandCollectionViewCell.swift */ = {isa = PBXFileReference; lastKnownFileType = sourcecode.swift; name = BrandCollectionViewCell.swift; path = Scenes/Place/Cells/BrandCollectionViewCell.swift; sourceTree = "<group>"; };
		ED56A2FD2B0D1931005FE6AF /* PlaceViewController.swift */ = {isa = PBXFileReference; lastKnownFileType = sourcecode.swift; name = PlaceViewController.swift; path = Scenes/Place/ViewControllers/PlaceViewController.swift; sourceTree = "<group>"; };
		ED56A2FF2B0D1952005FE6AF /* TitleCollectionReusableView.swift */ = {isa = PBXFileReference; lastKnownFileType = sourcecode.swift; name = TitleCollectionReusableView.swift; path = Scenes/Place/Views/TitleCollectionReusableView.swift; sourceTree = "<group>"; };
		F4DDEB062B0A52E600B7BCCE /* NaverPay.app */ = {isa = PBXFileReference; explicitFileType = wrapper.application; includeInIndex = 0; path = NaverPay.app; sourceTree = BUILT_PRODUCTS_DIR; };
		F4DDEB092B0A52E600B7BCCE /* AppDelegate.swift */ = {isa = PBXFileReference; lastKnownFileType = sourcecode.swift; path = AppDelegate.swift; sourceTree = "<group>"; };
		F4DDEB0B2B0A52E600B7BCCE /* SceneDelegate.swift */ = {isa = PBXFileReference; lastKnownFileType = sourcecode.swift; path = SceneDelegate.swift; sourceTree = "<group>"; };
		F4DDEB102B0A52E600B7BCCE /* Base */ = {isa = PBXFileReference; lastKnownFileType = file.storyboard; name = Base; path = Base.lproj/Main.storyboard; sourceTree = "<group>"; };
		F4DDEB122B0A52EB00B7BCCE /* Assets.xcassets */ = {isa = PBXFileReference; lastKnownFileType = folder.assetcatalog; path = Assets.xcassets; sourceTree = "<group>"; };
		F4DDEB152B0A52EB00B7BCCE /* Base */ = {isa = PBXFileReference; lastKnownFileType = file.storyboard; name = Base; path = Base.lproj/LaunchScreen.storyboard; sourceTree = "<group>"; };
		F4DDEB172B0A52EB00B7BCCE /* Info.plist */ = {isa = PBXFileReference; lastKnownFileType = text.plist.xml; path = Info.plist; sourceTree = "<group>"; };
		F4DDEB292B0B720600B7BCCE /* UIColor+.swift */ = {isa = PBXFileReference; lastKnownFileType = sourcecode.swift; name = "UIColor+.swift"; path = "Global/Extensions/UIColor+.swift"; sourceTree = "<group>"; };
		F4DDEB572B0BC7B000B7BCCE /* UIView+.swift */ = {isa = PBXFileReference; lastKnownFileType = sourcecode.swift; name = "UIView+.swift"; path = "Global/Extensions/UIView+.swift"; sourceTree = "<group>"; };
		F4DDEB592B0BCBEB00B7BCCE /* UITextField+.swift */ = {isa = PBXFileReference; lastKnownFileType = sourcecode.swift; name = "UITextField+.swift"; path = "Global/Extensions/UITextField+.swift"; sourceTree = "<group>"; };
		F4DDEB5B2B0BCCA900B7BCCE /* UIStackView+.swift */ = {isa = PBXFileReference; lastKnownFileType = sourcecode.swift; name = "UIStackView+.swift"; path = "Global/Extensions/UIStackView+.swift"; sourceTree = "<group>"; };
		F4DDEB5D2B0CB0A000B7BCCE /* BenefitViewController.swift */ = {isa = PBXFileReference; lastKnownFileType = sourcecode.swift; name = BenefitViewController.swift; path = Scenes/Benefit/ViewControllers/BenefitViewController.swift; sourceTree = "<group>"; };
		F4DDEB622B0CDC1600B7BCCE /* BenefitCollectionViewPointCheckCell.swift */ = {isa = PBXFileReference; lastKnownFileType = sourcecode.swift; name = BenefitCollectionViewPointCheckCell.swift; path = Scenes/Benefit/Cells/BenefitCollectionViewPointCheckCell.swift; sourceTree = "<group>"; };
		F4DDEB662B0CE09800B7BCCE /* BenefitCollectionViewPointCheckSectionBackgroundView.swift */ = {isa = PBXFileReference; lastKnownFileType = sourcecode.swift; name = BenefitCollectionViewPointCheckSectionBackgroundView.swift; path = Scenes/Benefit/Views/BenefitCollectionViewPointCheckSectionBackgroundView.swift; sourceTree = "<group>"; };
		F4DDEB682B0CEB7B00B7BCCE /* BenefitCollectionPointCheckHeaderView.swift */ = {isa = PBXFileReference; lastKnownFileType = sourcecode.swift; name = BenefitCollectionPointCheckHeaderView.swift; path = Scenes/Benefit/Views/BenefitCollectionPointCheckHeaderView.swift; sourceTree = "<group>"; };
		F4DDEB6C2B0D1AE700B7BCCE /* BenefitCollectionViewFamousBenefitCell.swift */ = {isa = PBXFileReference; lastKnownFileType = sourcecode.swift; name = BenefitCollectionViewFamousBenefitCell.swift; path = Scenes/Benefit/Cells/BenefitCollectionViewFamousBenefitCell.swift; sourceTree = "<group>"; };
		F4DDEB6E2B0D1FF500B7BCCE /* NPLabel.swift */ = {isa = PBXFileReference; lastKnownFileType = sourcecode.swift; name = NPLabel.swift; path = Global/UIComponents/NPLabel.swift; sourceTree = "<group>"; };
		F4DDEB742B0E670300B7BCCE /* UserBenefitAppData.swift */ = {isa = PBXFileReference; lastKnownFileType = sourcecode.swift; name = UserBenefitAppData.swift; path = Scenes/Benefit/Models/UserBenefitAppData.swift; sourceTree = "<group>"; };
		F4DDEB762B0E783D00B7BCCE /* BenefitCollectionFamousBenefitSectionHeaderView.swift */ = {isa = PBXFileReference; lastKnownFileType = sourcecode.swift; name = BenefitCollectionFamousBenefitSectionHeaderView.swift; path = Scenes/Benefit/Views/BenefitCollectionFamousBenefitSectionHeaderView.swift; sourceTree = "<group>"; };
		F4DDEB782B0E838200B7BCCE /* BenefitCollectionViewFamousBenefitSectionBackgroundView.swift */ = {isa = PBXFileReference; lastKnownFileType = sourcecode.swift; name = BenefitCollectionViewFamousBenefitSectionBackgroundView.swift; path = Scenes/Benefit/Views/BenefitCollectionViewFamousBenefitSectionBackgroundView.swift; sourceTree = "<group>"; };
		F4DDEB7A2B0E8E6700B7BCCE /* BenefitCollectionFamousBenefitSectionFooterView.swift */ = {isa = PBXFileReference; lastKnownFileType = sourcecode.swift; name = BenefitCollectionFamousBenefitSectionFooterView.swift; path = Scenes/Benefit/Views/BenefitCollectionFamousBenefitSectionFooterView.swift; sourceTree = "<group>"; };
/* End PBXFileReference section */

/* Begin PBXFrameworksBuildPhase section */
		F4DDEB032B0A52E600B7BCCE /* Frameworks */ = {
			isa = PBXFrameworksBuildPhase;
			buildActionMask = 2147483647;
			files = (
				F4DDEB482B0B8F2700B7BCCE /* Kingfisher in Frameworks */,
				F4DDEB542B0BA19100B7BCCE /* SnapKit in Frameworks */,
			);
			runOnlyForDeploymentPostprocessing = 0;
		};
/* End PBXFrameworksBuildPhase section */

/* Begin PBXGroup section */
		0B2278812B0DAB0B00732977 /* Headers */ = {
			isa = PBXGroup;
			children = (
				0B0DFB182B0D2102005F8618 /* HomeRecentPaymentsSectionHeaderView.swift */,
				0B0DFB1B2B0D2102005F8618 /* HomePointSectionHeaderView.swift */,
				0B0DFB1A2B0D2102005F8618 /* HomePlaceSectionHeaderView.swift */,
				0B0DFB1D2B0D2102005F8618 /* HomeHeaderView.swift */,
				0B0DFB192B0D2102005F8618 /* HomeEventSectionHeaderView.swift */,
			);
			name = Headers;
			sourceTree = "<group>";
		};
		0B6677A92B0CD18F00821105 /* Views */ = {
			isa = PBXGroup;
			children = (
				0B2278812B0DAB0B00732977 /* Headers */,
				0B0DFB1E2B0D2102005F8618 /* HomePlaceSectionFooterView.swift */,
				0B0DFB1C2B0D2102005F8618 /* HomePointSectionBackgroundView.swift */,
				0B2278822B0DB07700732977 /* HomePointSectionFooterView.swift */,
			);
			name = Views;
			sourceTree = "<group>";
		};
		F4DDEAFD2B0A52E600B7BCCE = {
			isa = PBXGroup;
			children = (
				F4DDEB082B0A52E600B7BCCE /* NaverPay */,
				F4DDEB072B0A52E600B7BCCE /* Products */,
			);
			sourceTree = "<group>";
		};
		F4DDEB072B0A52E600B7BCCE /* Products */ = {
			isa = PBXGroup;
			children = (
				F4DDEB062B0A52E600B7BCCE /* NaverPay.app */,
			);
			name = Products;
			sourceTree = "<group>";
		};
		F4DDEB082B0A52E600B7BCCE /* NaverPay */ = {
			isa = PBXGroup;
			children = (
				F4DDEB202B0A584400B7BCCE /* Network */,
				F4DDEB1F2B0A583C00B7BCCE /* Global */,
				F4DDEB1E2B0A57AF00B7BCCE /* Application */,
				F4DDEB1D2B0A571300B7BCCE /* Scenes */,
				F4DDEB0F2B0A52E600B7BCCE /* Main.storyboard */,
				F4DDEB122B0A52EB00B7BCCE /* Assets.xcassets */,
				F4DDEB172B0A52EB00B7BCCE /* Info.plist */,
			);
			path = NaverPay;
			sourceTree = "<group>";
		};
		F4DDEB1D2B0A571300B7BCCE /* Scenes */ = {
			isa = PBXGroup;
			children = (
				F4DDEB302B0B8BFF00B7BCCE /* Point */,
				F4DDEB2F2B0B8BF800B7BCCE /* Benefit */,
				F4DDEB2E2B0B8BEB00B7BCCE /* Place */,
				F4DDEB2D2B0B8BE400B7BCCE /* Home */,
			);
			name = Scenes;
			sourceTree = "<group>";
		};
		F4DDEB1E2B0A57AF00B7BCCE /* Application */ = {
			isa = PBXGroup;
			children = (
				F4DDEB0B2B0A52E600B7BCCE /* SceneDelegate.swift */,
				F4DDEB092B0A52E600B7BCCE /* AppDelegate.swift */,
				F4DDEB142B0A52EB00B7BCCE /* LaunchScreen.storyboard */,
			);
			path = Application;
			sourceTree = "<group>";
		};
		F4DDEB1F2B0A583C00B7BCCE /* Global */ = {
			isa = PBXGroup;
			children = (
				F4DDEB282B0A6D0100B7BCCE /* Resources */,
				F4DDEB272B0A598700B7BCCE /* Literals */,
				F4DDEB262B0A597A00B7BCCE /* Extensions */,
				F4DDEB252B0A597100B7BCCE /* UIComponents */,
			);
			name = Global;
			sourceTree = "<group>";
		};
		F4DDEB202B0A584400B7BCCE /* Network */ = {
			isa = PBXGroup;
			children = (
				F4DDEB242B0A58E900B7BCCE /* Base */,
				F4DDEB232B0A58C600B7BCCE /* Services */,
				F4DDEB212B0A58AB00B7BCCE /* DTO */,
			);
			name = Network;
			sourceTree = "<group>";
		};
		F4DDEB212B0A58AB00B7BCCE /* DTO */ = {
			isa = PBXGroup;
			children = (
			);
			name = DTO;
			sourceTree = "<group>";
		};
		F4DDEB232B0A58C600B7BCCE /* Services */ = {
			isa = PBXGroup;
			children = (
			);
			name = Services;
			sourceTree = "<group>";
		};
		F4DDEB242B0A58E900B7BCCE /* Base */ = {
			isa = PBXGroup;
			children = (
			);
			name = Base;
			sourceTree = "<group>";
		};
		F4DDEB252B0A597100B7BCCE /* UIComponents */ = {
			isa = PBXGroup;
			children = (
				F4DDEB6E2B0D1FF500B7BCCE /* NPLabel.swift */,
			);
			name = UIComponents;
			sourceTree = "<group>";
		};
		F4DDEB262B0A597A00B7BCCE /* Extensions */ = {
			isa = PBXGroup;
			children = (
				F4DDEB292B0B720600B7BCCE /* UIColor+.swift */,
				ED56A2E92B0B7790005FE6AF /* UIFont+.swift */,
				0B91C7A92B0B8B3000ACDCE9 /* UIImage+.swift */,
				F4DDEB572B0BC7B000B7BCCE /* UIView+.swift */,
				F4DDEB592B0BCBEB00B7BCCE /* UITextField+.swift */,
				F4DDEB5B2B0BCCA900B7BCCE /* UIStackView+.swift */,
			);
			name = Extensions;
			sourceTree = "<group>";
		};
		F4DDEB272B0A598700B7BCCE /* Literals */ = {
			isa = PBXGroup;
			children = (
				0B91C7A72B0B8A7A00ACDCE9 /* ImageLiterals.swift */,
			);
			name = Literals;
			sourceTree = "<group>";
		};
		F4DDEB282B0A6D0100B7BCCE /* Resources */ = {
			isa = PBXGroup;
			children = (
			);
			name = Resources;
			sourceTree = "<group>";
		};
		F4DDEB2D2B0B8BE400B7BCCE /* Home */ = {
			isa = PBXGroup;
			children = (
				0B6677A92B0CD18F00821105 /* Views */,
				F4DDEB342B0B8C8000B7BCCE /* Models */,
				F4DDEB332B0B8C6C00B7BCCE /* Cells */,
				F4DDEB312B0B8C0600B7BCCE /* ViewControllers */,
			);
			name = Home;
			sourceTree = "<group>";
		};
		F4DDEB2E2B0B8BEB00B7BCCE /* Place */ = {
			isa = PBXGroup;
			children = (
				F4DDEB382B0B8C9F00B7BCCE /* Models */,
				F4DDEB372B0B8C9700B7BCCE /* Cells */,
				F4DDEB362B0B8C9200B7BCCE /* Views */,
				F4DDEB352B0B8C8700B7BCCE /* ViewControllers */,
			);
			name = Place;
			sourceTree = "<group>";
		};
		F4DDEB2F2B0B8BF800B7BCCE /* Benefit */ = {
			isa = PBXGroup;
			children = (
				F4DDEB3C2B0B8CB800B7BCCE /* Models */,
				F4DDEB3B2B0B8CB400B7BCCE /* Cells */,
				F4DDEB3A2B0B8CAC00B7BCCE /* Views */,
				F4DDEB392B0B8CA500B7BCCE /* ViewControllers */,
			);
			name = Benefit;
			sourceTree = "<group>";
		};
		F4DDEB302B0B8BFF00B7BCCE /* Point */ = {
			isa = PBXGroup;
			children = (
				F4DDEB402B0B8CD100B7BCCE /* Models */,
				F4DDEB3F2B0B8CCC00B7BCCE /* Cells */,
				F4DDEB3E2B0B8CC700B7BCCE /* Views */,
				F4DDEB3D2B0B8CBF00B7BCCE /* ViewControllers */,
			);
			name = Point;
			sourceTree = "<group>";
		};
		F4DDEB312B0B8C0600B7BCCE /* ViewControllers */ = {
			isa = PBXGroup;
			children = (
				0B1E55A32B0F627C00ADFC75 /* HomeViewController.swift */,
			);
			name = ViewControllers;
			sourceTree = "<group>";
		};
		F4DDEB322B0B8C0D00B7BCCE /* Views */ = {
			isa = PBXGroup;
			children = (
			);
			name = Views;
			sourceTree = "<group>";
		};
		F4DDEB332B0B8C6C00B7BCCE /* Cells */ = {
			isa = PBXGroup;
			children = (
				0B0DFB102B0D20F3005F8618 /* HomeEventSectionCollectionViewCell.swift */,
				0B0DFB122B0D20F3005F8618 /* HomePlaceSectionCollectionViewCell.swift */,
				0B0DFB112B0D20F3005F8618 /* HomePointSectionCollectionViewCell.swift */,
				0B0DFB132B0D20F3005F8618 /* HomeRecentPaymentsSectionCollectionViewCell.swift */,
				0B2278842B0DB0D500732977 /* HomeSwitchSectionCollectionViewCell.swift */,
			);
			name = Cells;
			sourceTree = "<group>";
		};
		F4DDEB342B0B8C8000B7BCCE /* Models */ = {
			isa = PBXGroup;
			children = (
			);
			name = Models;
			sourceTree = "<group>";
		};
		F4DDEB352B0B8C8700B7BCCE /* ViewControllers */ = {
			isa = PBXGroup;
			children = (
				ED56A2FD2B0D1931005FE6AF /* PlaceViewController.swift */,
			);
			name = ViewControllers;
			sourceTree = "<group>";
		};
		F4DDEB362B0B8C9200B7BCCE /* Views */ = {
			isa = PBXGroup;
			children = (
				ED56A2FF2B0D1952005FE6AF /* TitleCollectionReusableView.swift */,
				F4DDEB322B0B8C0D00B7BCCE /* Views */,
			);
			name = Views;
			sourceTree = "<group>";
		};
		F4DDEB372B0B8C9700B7BCCE /* Cells */ = {
			isa = PBXGroup;
			children = (
				ED56A2F72B0D18B5005FE6AF /* NearPlaceCollectionViewCell.swift */,
				ED56A2F92B0D18F1005FE6AF /* RecommendCollectionViewCell.swift */,
				ED56A2FB2B0D1907005FE6AF /* BrandCollectionViewCell.swift */,
			);
			name = Cells;
			sourceTree = "<group>";
		};
		F4DDEB382B0B8C9F00B7BCCE /* Models */ = {
			isa = PBXGroup;
			children = (
			);
			name = Models;
			sourceTree = "<group>";
		};
		F4DDEB392B0B8CA500B7BCCE /* ViewControllers */ = {
			isa = PBXGroup;
			children = (
				F4DDEB5D2B0CB0A000B7BCCE /* BenefitViewController.swift */,
			);
			name = ViewControllers;
			sourceTree = "<group>";
		};
		F4DDEB3A2B0B8CAC00B7BCCE /* Views */ = {
			isa = PBXGroup;
			children = (
				F4DDEB662B0CE09800B7BCCE /* BenefitCollectionViewPointCheckSectionBackgroundView.swift */,
				F4DDEB682B0CEB7B00B7BCCE /* BenefitCollectionPointCheckHeaderView.swift */,
				F4DDEB762B0E783D00B7BCCE /* BenefitCollectionFamousBenefitSectionHeaderView.swift */,
				F4DDEB782B0E838200B7BCCE /* BenefitCollectionViewFamousBenefitSectionBackgroundView.swift */,
				F4DDEB7A2B0E8E6700B7BCCE /* BenefitCollectionFamousBenefitSectionFooterView.swift */,
			);
			name = Views;
			sourceTree = "<group>";
		};
		F4DDEB3B2B0B8CB400B7BCCE /* Cells */ = {
			isa = PBXGroup;
			children = (
				F4DDEB622B0CDC1600B7BCCE /* BenefitCollectionViewPointCheckCell.swift */,
				F4DDEB6C2B0D1AE700B7BCCE /* BenefitCollectionViewFamousBenefitCell.swift */,
			);
			name = Cells;
			sourceTree = "<group>";
		};
		F4DDEB3C2B0B8CB800B7BCCE /* Models */ = {
			isa = PBXGroup;
			children = (
				F4DDEB742B0E670300B7BCCE /* UserBenefitAppData.swift */,
			);
			name = Models;
			sourceTree = "<group>";
		};
		F4DDEB3D2B0B8CBF00B7BCCE /* ViewControllers */ = {
			isa = PBXGroup;
			children = (
			);
			name = ViewControllers;
			sourceTree = "<group>";
		};
		F4DDEB3E2B0B8CC700B7BCCE /* Views */ = {
			isa = PBXGroup;
			children = (
			);
			name = Views;
			sourceTree = "<group>";
		};
		F4DDEB3F2B0B8CCC00B7BCCE /* Cells */ = {
			isa = PBXGroup;
			children = (
			);
			name = Cells;
			sourceTree = "<group>";
		};
		F4DDEB402B0B8CD100B7BCCE /* Models */ = {
			isa = PBXGroup;
			children = (
			);
			name = Models;
			sourceTree = "<group>";
		};
/* End PBXGroup section */

/* Begin PBXNativeTarget section */
		F4DDEB052B0A52E600B7BCCE /* NaverPay */ = {
			isa = PBXNativeTarget;
			buildConfigurationList = F4DDEB1A2B0A52EB00B7BCCE /* Build configuration list for PBXNativeTarget "NaverPay" */;
			buildPhases = (
				F4DDEB022B0A52E600B7BCCE /* Sources */,
				F4DDEB032B0A52E600B7BCCE /* Frameworks */,
				F4DDEB042B0A52E600B7BCCE /* Resources */,
			);
			buildRules = (
			);
			dependencies = (
			);
			name = NaverPay;
			packageProductDependencies = (
				F4DDEB472B0B8F2700B7BCCE /* Kingfisher */,
				F4DDEB532B0BA19100B7BCCE /* SnapKit */,
			);
			productName = NaverPay;
			productReference = F4DDEB062B0A52E600B7BCCE /* NaverPay.app */;
			productType = "com.apple.product-type.application";
		};
/* End PBXNativeTarget section */

/* Begin PBXProject section */
		F4DDEAFE2B0A52E600B7BCCE /* Project object */ = {
			isa = PBXProject;
			attributes = {
				BuildIndependentTargetsInParallel = 1;
				LastSwiftUpdateCheck = 1500;
				LastUpgradeCheck = 1500;
				TargetAttributes = {
					F4DDEB052B0A52E600B7BCCE = {
						CreatedOnToolsVersion = 15.0.1;
					};
				};
			};
			buildConfigurationList = F4DDEB012B0A52E600B7BCCE /* Build configuration list for PBXProject "NaverPay" */;
			compatibilityVersion = "Xcode 14.0";
			developmentRegion = en;
			hasScannedForEncodings = 0;
			knownRegions = (
				en,
				Base,
			);
			mainGroup = F4DDEAFD2B0A52E600B7BCCE;
			packageReferences = (
				F4DDEB462B0B8F2700B7BCCE /* XCRemoteSwiftPackageReference "Kingfisher" */,
				F4DDEB522B0BA19100B7BCCE /* XCRemoteSwiftPackageReference "SnapKit" */,
			);
			productRefGroup = F4DDEB072B0A52E600B7BCCE /* Products */;
			projectDirPath = "";
			projectRoot = "";
			targets = (
				F4DDEB052B0A52E600B7BCCE /* NaverPay */,
			);
		};
/* End PBXProject section */

/* Begin PBXResourcesBuildPhase section */
		F4DDEB042B0A52E600B7BCCE /* Resources */ = {
			isa = PBXResourcesBuildPhase;
			buildActionMask = 2147483647;
			files = (
				F4DDEB162B0A52EB00B7BCCE /* LaunchScreen.storyboard in Resources */,
				F4DDEB132B0A52EB00B7BCCE /* Assets.xcassets in Resources */,
				F4DDEB112B0A52E600B7BCCE /* Main.storyboard in Resources */,
			);
			runOnlyForDeploymentPostprocessing = 0;
		};
/* End PBXResourcesBuildPhase section */

/* Begin PBXSourcesBuildPhase section */
		F4DDEB022B0A52E600B7BCCE /* Sources */ = {
			isa = PBXSourcesBuildPhase;
			buildActionMask = 2147483647;
			files = (
				0B2278852B0DB0D500732977 /* HomeSwitchSectionCollectionViewCell.swift in Sources */,
				0B0DFB152B0D20F3005F8618 /* HomePointSectionCollectionViewCell.swift in Sources */,
				0B0DFB212B0D2102005F8618 /* HomeEventSectionHeaderView.swift in Sources */,
				0B6677B52B0CD4CF00821105 /* (null) in Sources */,
				0B0DFB222B0D2102005F8618 /* HomePlaceSectionHeaderView.swift in Sources */,
				F4DDEB0A2B0A52E600B7BCCE /* AppDelegate.swift in Sources */,
				F4DDEB632B0CDC1600B7BCCE /* BenefitCollectionViewPointCheckCell.swift in Sources */,
				ED56A2FE2B0D1931005FE6AF /* PlaceViewController.swift in Sources */,
				ED56A2EA2B0B7790005FE6AF /* UIFont+.swift in Sources */,
				F4DDEB582B0BC7B000B7BCCE /* UIView+.swift in Sources */,
				0B91C7AA2B0B8B3000ACDCE9 /* UIImage+.swift in Sources */,
				F4DDEB5E2B0CB0A000B7BCCE /* BenefitViewController.swift in Sources */,
				ED56A2FC2B0D1907005FE6AF /* BrandCollectionViewCell.swift in Sources */,
				ED56A3002B0D1952005FE6AF /* TitleCollectionReusableView.swift in Sources */,
				F4DDEB672B0CE09800B7BCCE /* BenefitCollectionViewPointCheckSectionBackgroundView.swift in Sources */,
				F4DDEB672B0CE09800B7BCCE /* BenefitCollectionViewPointCheckSectionBackgroundView.swift in Sources */,
				0B91C7A82B0B8A7A00ACDCE9 /* ImageLiterals.swift in Sources */,
				0B0DFB142B0D20F3005F8618 /* HomeEventSectionCollectionViewCell.swift in Sources */,
				F4DDEB692B0CEB7B00B7BCCE /* BenefitCollectionPointCheckHeaderView.swift in Sources */,
				0B1E55A42B0F627C00ADFC75 /* HomeViewController.swift in Sources */,
				F4DDEB6D2B0D1AE700B7BCCE /* BenefitCollectionViewFamousBenefitCell.swift in Sources */,
				F4DDEB0C2B0A52E600B7BCCE /* SceneDelegate.swift in Sources */,
				0B0DFB202B0D2102005F8618 /* HomeRecentPaymentsSectionHeaderView.swift in Sources */,
				0B6677B92B0CD61C00821105 /* (null) in Sources */,
				0B0DFB172B0D20F3005F8618 /* HomeRecentPaymentsSectionCollectionViewCell.swift in Sources */,
				0B6677BB2B0CD63200821105 /* (null) in Sources */,
				0B0DFB242B0D2102005F8618 /* HomePointSectionBackgroundView.swift in Sources */,
				ED56A2F82B0D18B5005FE6AF /* NearPlaceCollectionViewCell.swift in Sources */,
				ED56A2FA2B0D18F1005FE6AF /* RecommendCollectionViewCell.swift in Sources */,
				F4DDEB2A2B0B720600B7BCCE /* UIColor+.swift in Sources */,
				F4DDEB5C2B0BCCA900B7BCCE /* UIStackView+.swift in Sources */,
				F4DDEB7B2B0E8E6700B7BCCE /* BenefitCollectionFamousBenefitSectionFooterView.swift in Sources */,
				0B6677A22B0CCEF400821105 /* (null) in Sources */,
				0B0DFB262B0D2102005F8618 /* HomePlaceSectionFooterView.swift in Sources */,
				0B6677AB2B0CD1C900821105 /* (null) in Sources */,
				F4DDEB792B0E838200B7BCCE /* BenefitCollectionViewFamousBenefitSectionBackgroundView.swift in Sources */,
				F4DDEB772B0E783D00B7BCCE /* BenefitCollectionFamousBenefitSectionHeaderView.swift in Sources */,
				F4DDEB6F2B0D1FF500B7BCCE /* NPLabel.swift in Sources */,
				F4DDEB752B0E670300B7BCCE /* UserBenefitAppData.swift in Sources */,
				F4DDEB5A2B0BCBEB00B7BCCE /* UITextField+.swift in Sources */,
				0B0DFB252B0D2102005F8618 /* HomeHeaderView.swift in Sources */,
				0B0DFB162B0D20F3005F8618 /* HomePlaceSectionCollectionViewCell.swift in Sources */,
				0B6677A02B0CBF7500821105 /* (null) in Sources */,
				0B0DFB232B0D2102005F8618 /* HomePointSectionHeaderView.swift in Sources */,
				0B6677A82B0CCF7F00821105 /* (null) in Sources */,
				0B6677AD2B0CD24300821105 /* (null) in Sources */,
				0B2278832B0DB07700732977 /* HomePointSectionFooterView.swift in Sources */,
				0B6677B12B0CD3DB00821105 /* (null) in Sources */,
				0B6677B72B0CD50B00821105 /* (null) in Sources */,
				0B6677A42B0CCF1300821105 /* (null) in Sources */,
			);
			runOnlyForDeploymentPostprocessing = 0;
		};
/* End PBXSourcesBuildPhase section */

/* Begin PBXVariantGroup section */
		F4DDEB0F2B0A52E600B7BCCE /* Main.storyboard */ = {
			isa = PBXVariantGroup;
			children = (
				F4DDEB102B0A52E600B7BCCE /* Base */,
			);
			name = Main.storyboard;
			sourceTree = "<group>";
		};
		F4DDEB142B0A52EB00B7BCCE /* LaunchScreen.storyboard */ = {
			isa = PBXVariantGroup;
			children = (
				F4DDEB152B0A52EB00B7BCCE /* Base */,
			);
			name = LaunchScreen.storyboard;
			sourceTree = "<group>";
		};
/* End PBXVariantGroup section */

/* Begin XCBuildConfiguration section */
		F4DDEB182B0A52EB00B7BCCE /* Debug */ = {
			isa = XCBuildConfiguration;
			buildSettings = {
				ALWAYS_SEARCH_USER_PATHS = NO;
				ASSETCATALOG_COMPILER_GENERATE_SWIFT_ASSET_SYMBOL_EXTENSIONS = YES;
				CLANG_ANALYZER_NONNULL = YES;
				CLANG_ANALYZER_NUMBER_OBJECT_CONVERSION = YES_AGGRESSIVE;
				CLANG_CXX_LANGUAGE_STANDARD = "gnu++20";
				CLANG_ENABLE_MODULES = YES;
				CLANG_ENABLE_OBJC_ARC = YES;
				CLANG_ENABLE_OBJC_WEAK = YES;
				CLANG_WARN_BLOCK_CAPTURE_AUTORELEASING = YES;
				CLANG_WARN_BOOL_CONVERSION = YES;
				CLANG_WARN_COMMA = YES;
				CLANG_WARN_CONSTANT_CONVERSION = YES;
				CLANG_WARN_DEPRECATED_OBJC_IMPLEMENTATIONS = YES;
				CLANG_WARN_DIRECT_OBJC_ISA_USAGE = YES_ERROR;
				CLANG_WARN_DOCUMENTATION_COMMENTS = YES;
				CLANG_WARN_EMPTY_BODY = YES;
				CLANG_WARN_ENUM_CONVERSION = YES;
				CLANG_WARN_INFINITE_RECURSION = YES;
				CLANG_WARN_INT_CONVERSION = YES;
				CLANG_WARN_NON_LITERAL_NULL_CONVERSION = YES;
				CLANG_WARN_OBJC_IMPLICIT_RETAIN_SELF = YES;
				CLANG_WARN_OBJC_LITERAL_CONVERSION = YES;
				CLANG_WARN_OBJC_ROOT_CLASS = YES_ERROR;
				CLANG_WARN_QUOTED_INCLUDE_IN_FRAMEWORK_HEADER = YES;
				CLANG_WARN_RANGE_LOOP_ANALYSIS = YES;
				CLANG_WARN_STRICT_PROTOTYPES = YES;
				CLANG_WARN_SUSPICIOUS_MOVE = YES;
				CLANG_WARN_UNGUARDED_AVAILABILITY = YES_AGGRESSIVE;
				CLANG_WARN_UNREACHABLE_CODE = YES;
				CLANG_WARN__DUPLICATE_METHOD_MATCH = YES;
				COPY_PHASE_STRIP = NO;
				DEBUG_INFORMATION_FORMAT = dwarf;
				ENABLE_STRICT_OBJC_MSGSEND = YES;
				ENABLE_TESTABILITY = YES;
				ENABLE_USER_SCRIPT_SANDBOXING = YES;
				GCC_C_LANGUAGE_STANDARD = gnu17;
				GCC_DYNAMIC_NO_PIC = NO;
				GCC_NO_COMMON_BLOCKS = YES;
				GCC_OPTIMIZATION_LEVEL = 0;
				GCC_PREPROCESSOR_DEFINITIONS = (
					"DEBUG=1",
					"$(inherited)",
				);
				GCC_WARN_64_TO_32_BIT_CONVERSION = YES;
				GCC_WARN_ABOUT_RETURN_TYPE = YES_ERROR;
				GCC_WARN_UNDECLARED_SELECTOR = YES;
				GCC_WARN_UNINITIALIZED_AUTOS = YES_AGGRESSIVE;
				GCC_WARN_UNUSED_FUNCTION = YES;
				GCC_WARN_UNUSED_VARIABLE = YES;
				IPHONEOS_DEPLOYMENT_TARGET = 17.0;
				LOCALIZATION_PREFERS_STRING_CATALOGS = YES;
				MTL_ENABLE_DEBUG_INFO = INCLUDE_SOURCE;
				MTL_FAST_MATH = YES;
				ONLY_ACTIVE_ARCH = YES;
				SDKROOT = iphoneos;
				SWIFT_ACTIVE_COMPILATION_CONDITIONS = "DEBUG $(inherited)";
				SWIFT_OPTIMIZATION_LEVEL = "-Onone";
			};
			name = Debug;
		};
		F4DDEB192B0A52EB00B7BCCE /* Release */ = {
			isa = XCBuildConfiguration;
			buildSettings = {
				ALWAYS_SEARCH_USER_PATHS = NO;
				ASSETCATALOG_COMPILER_GENERATE_SWIFT_ASSET_SYMBOL_EXTENSIONS = YES;
				CLANG_ANALYZER_NONNULL = YES;
				CLANG_ANALYZER_NUMBER_OBJECT_CONVERSION = YES_AGGRESSIVE;
				CLANG_CXX_LANGUAGE_STANDARD = "gnu++20";
				CLANG_ENABLE_MODULES = YES;
				CLANG_ENABLE_OBJC_ARC = YES;
				CLANG_ENABLE_OBJC_WEAK = YES;
				CLANG_WARN_BLOCK_CAPTURE_AUTORELEASING = YES;
				CLANG_WARN_BOOL_CONVERSION = YES;
				CLANG_WARN_COMMA = YES;
				CLANG_WARN_CONSTANT_CONVERSION = YES;
				CLANG_WARN_DEPRECATED_OBJC_IMPLEMENTATIONS = YES;
				CLANG_WARN_DIRECT_OBJC_ISA_USAGE = YES_ERROR;
				CLANG_WARN_DOCUMENTATION_COMMENTS = YES;
				CLANG_WARN_EMPTY_BODY = YES;
				CLANG_WARN_ENUM_CONVERSION = YES;
				CLANG_WARN_INFINITE_RECURSION = YES;
				CLANG_WARN_INT_CONVERSION = YES;
				CLANG_WARN_NON_LITERAL_NULL_CONVERSION = YES;
				CLANG_WARN_OBJC_IMPLICIT_RETAIN_SELF = YES;
				CLANG_WARN_OBJC_LITERAL_CONVERSION = YES;
				CLANG_WARN_OBJC_ROOT_CLASS = YES_ERROR;
				CLANG_WARN_QUOTED_INCLUDE_IN_FRAMEWORK_HEADER = YES;
				CLANG_WARN_RANGE_LOOP_ANALYSIS = YES;
				CLANG_WARN_STRICT_PROTOTYPES = YES;
				CLANG_WARN_SUSPICIOUS_MOVE = YES;
				CLANG_WARN_UNGUARDED_AVAILABILITY = YES_AGGRESSIVE;
				CLANG_WARN_UNREACHABLE_CODE = YES;
				CLANG_WARN__DUPLICATE_METHOD_MATCH = YES;
				COPY_PHASE_STRIP = NO;
				DEBUG_INFORMATION_FORMAT = "dwarf-with-dsym";
				ENABLE_NS_ASSERTIONS = NO;
				ENABLE_STRICT_OBJC_MSGSEND = YES;
				ENABLE_USER_SCRIPT_SANDBOXING = YES;
				GCC_C_LANGUAGE_STANDARD = gnu17;
				GCC_NO_COMMON_BLOCKS = YES;
				GCC_WARN_64_TO_32_BIT_CONVERSION = YES;
				GCC_WARN_ABOUT_RETURN_TYPE = YES_ERROR;
				GCC_WARN_UNDECLARED_SELECTOR = YES;
				GCC_WARN_UNINITIALIZED_AUTOS = YES_AGGRESSIVE;
				GCC_WARN_UNUSED_FUNCTION = YES;
				GCC_WARN_UNUSED_VARIABLE = YES;
				IPHONEOS_DEPLOYMENT_TARGET = 17.0;
				LOCALIZATION_PREFERS_STRING_CATALOGS = YES;
				MTL_ENABLE_DEBUG_INFO = NO;
				MTL_FAST_MATH = YES;
				SDKROOT = iphoneos;
				SWIFT_COMPILATION_MODE = wholemodule;
				VALIDATE_PRODUCT = YES;
			};
			name = Release;
		};
		F4DDEB1B2B0A52EB00B7BCCE /* Debug */ = {
			isa = XCBuildConfiguration;
			buildSettings = {
				ASSETCATALOG_COMPILER_APPICON_NAME = AppIcon;
				ASSETCATALOG_COMPILER_GLOBAL_ACCENT_COLOR_NAME = AccentColor;
				CODE_SIGN_STYLE = Automatic;
				CURRENT_PROJECT_VERSION = 1;
				DEVELOPMENT_TEAM = HV6BJXV65Q;
				GENERATE_INFOPLIST_FILE = YES;
				INFOPLIST_FILE = NaverPay/Info.plist;
				INFOPLIST_KEY_UIApplicationSupportsIndirectInputEvents = YES;
				INFOPLIST_KEY_UILaunchStoryboardName = LaunchScreen;
				INFOPLIST_KEY_UIMainStoryboardFile = Main;
				INFOPLIST_KEY_UISupportedInterfaceOrientations_iPad = "UIInterfaceOrientationPortrait UIInterfaceOrientationPortraitUpsideDown UIInterfaceOrientationLandscapeLeft UIInterfaceOrientationLandscapeRight";
				INFOPLIST_KEY_UISupportedInterfaceOrientations_iPhone = "UIInterfaceOrientationPortrait UIInterfaceOrientationLandscapeLeft UIInterfaceOrientationLandscapeRight";
				IPHONEOS_DEPLOYMENT_TARGET = 16.0;
				LD_RUNPATH_SEARCH_PATHS = (
					"$(inherited)",
					"@executable_path/Frameworks",
				);
				MARKETING_VERSION = 1.0;
				PRODUCT_BUNDLE_IDENTIFIER = none.NaverPay;
				PRODUCT_NAME = "$(TARGET_NAME)";
				SWIFT_EMIT_LOC_STRINGS = YES;
				SWIFT_VERSION = 5.0;
				TARGETED_DEVICE_FAMILY = "1,2";
			};
			name = Debug;
		};
		F4DDEB1C2B0A52EB00B7BCCE /* Release */ = {
			isa = XCBuildConfiguration;
			buildSettings = {
				ASSETCATALOG_COMPILER_APPICON_NAME = AppIcon;
				ASSETCATALOG_COMPILER_GLOBAL_ACCENT_COLOR_NAME = AccentColor;
				CODE_SIGN_STYLE = Automatic;
				CURRENT_PROJECT_VERSION = 1;
				DEVELOPMENT_TEAM = HV6BJXV65Q;
				GENERATE_INFOPLIST_FILE = YES;
				INFOPLIST_FILE = NaverPay/Info.plist;
				INFOPLIST_KEY_UIApplicationSupportsIndirectInputEvents = YES;
				INFOPLIST_KEY_UILaunchStoryboardName = LaunchScreen;
				INFOPLIST_KEY_UIMainStoryboardFile = Main;
				INFOPLIST_KEY_UISupportedInterfaceOrientations_iPad = "UIInterfaceOrientationPortrait UIInterfaceOrientationPortraitUpsideDown UIInterfaceOrientationLandscapeLeft UIInterfaceOrientationLandscapeRight";
				INFOPLIST_KEY_UISupportedInterfaceOrientations_iPhone = "UIInterfaceOrientationPortrait UIInterfaceOrientationLandscapeLeft UIInterfaceOrientationLandscapeRight";
				IPHONEOS_DEPLOYMENT_TARGET = 16.0;
				LD_RUNPATH_SEARCH_PATHS = (
					"$(inherited)",
					"@executable_path/Frameworks",
				);
				MARKETING_VERSION = 1.0;
				PRODUCT_BUNDLE_IDENTIFIER = none.NaverPay;
				PRODUCT_NAME = "$(TARGET_NAME)";
				SWIFT_EMIT_LOC_STRINGS = YES;
				SWIFT_VERSION = 5.0;
				TARGETED_DEVICE_FAMILY = "1,2";
			};
			name = Release;
		};
/* End XCBuildConfiguration section */

/* Begin XCConfigurationList section */
		F4DDEB012B0A52E600B7BCCE /* Build configuration list for PBXProject "NaverPay" */ = {
			isa = XCConfigurationList;
			buildConfigurations = (
				F4DDEB182B0A52EB00B7BCCE /* Debug */,
				F4DDEB192B0A52EB00B7BCCE /* Release */,
			);
			defaultConfigurationIsVisible = 0;
			defaultConfigurationName = Release;
		};
		F4DDEB1A2B0A52EB00B7BCCE /* Build configuration list for PBXNativeTarget "NaverPay" */ = {
			isa = XCConfigurationList;
			buildConfigurations = (
				F4DDEB1B2B0A52EB00B7BCCE /* Debug */,
				F4DDEB1C2B0A52EB00B7BCCE /* Release */,
			);
			defaultConfigurationIsVisible = 0;
			defaultConfigurationName = Release;
		};
/* End XCConfigurationList section */

/* Begin XCRemoteSwiftPackageReference section */
		F4DDEB462B0B8F2700B7BCCE /* XCRemoteSwiftPackageReference "Kingfisher" */ = {
			isa = XCRemoteSwiftPackageReference;
			repositoryURL = "https://github.com/onevcat/Kingfisher.git";
			requirement = {
				kind = upToNextMajorVersion;
				minimumVersion = 7.10.0;
			};
		};
		F4DDEB522B0BA19100B7BCCE /* XCRemoteSwiftPackageReference "SnapKit" */ = {
			isa = XCRemoteSwiftPackageReference;
			repositoryURL = "https://github.com/SnapKit/SnapKit";
			requirement = {
				kind = upToNextMajorVersion;
				minimumVersion = 5.6.0;
			};
		};
/* End XCRemoteSwiftPackageReference section */

/* Begin XCSwiftPackageProductDependency section */
		F4DDEB472B0B8F2700B7BCCE /* Kingfisher */ = {
			isa = XCSwiftPackageProductDependency;
			package = F4DDEB462B0B8F2700B7BCCE /* XCRemoteSwiftPackageReference "Kingfisher" */;
			productName = Kingfisher;
		};
		F4DDEB532B0BA19100B7BCCE /* SnapKit */ = {
			isa = XCSwiftPackageProductDependency;
			package = F4DDEB522B0BA19100B7BCCE /* XCRemoteSwiftPackageReference "SnapKit" */;
			productName = SnapKit;
		};
/* End XCSwiftPackageProductDependency section */
	};
	rootObject = F4DDEAFE2B0A52E600B7BCCE /* Project object */;
}
